
Microsoft Visual Studio Solution File, Format Version 12.00
# Visual Studio 15
VisualStudioVersion = 15.0.28307.136
MinimumVisualStudioVersion = 10.0.40219.1
Project("{FAE04EC0-301F-11D3-BF4B-00C04F79EFBC}") = "P01-InitialSetup", "P01-InitialSetup\P01-InitialSetup.csproj", "{F11A5DFA-257C-4F99-864F-1323516CF546}"
EndProject
Project("{FAE04EC0-301F-11D3-BF4B-00C04F79EFBC}") = "P02-VillainNames", "P02-VillainNames\P02-VillainNames.csproj", "{A7589D58-4A55-46F1-8C37-EF1A7C59D0D0}"
EndProject
Project("{FAE04EC0-301F-11D3-BF4B-00C04F79EFBC}") = "P03-MinionNames", "P03-MinionNames\P03-MinionNames.csproj", "{4017BED6-A416-4874-8D59-53D437E84DA7}"
EndProject
Global
	GlobalSection(SolutionConfigurationPlatforms) = preSolution
		Debug|Any CPU = Debug|Any CPU
		Release|Any CPU = Release|Any CPU
	EndGlobalSection
	GlobalSection(ProjectConfigurationPlatforms) = postSolution
		{F11A5DFA-257C-4F99-864F-1323516CF546}.Debug|Any CPU.ActiveCfg = Debug|Any CPU
		{F11A5DFA-257C-4F99-864F-1323516CF546}.Debug|Any CPU.Build.0 = Debug|Any CPU
		{F11A5DFA-257C-4F99-864F-1323516CF546}.Release|Any CPU.ActiveCfg = Release|Any CPU
		{F11A5DFA-257C-4F99-864F-1323516CF546}.Release|Any CPU.Build.0 = Release|Any CPU
		{A7589D58-4A55-46F1-8C37-EF1A7C59D0D0}.Debug|Any CPU.ActiveCfg = Debug|Any CPU
		{A7589D58-4A55-46F1-8C37-EF1A7C59D0D0}.Debug|Any CPU.Build.0 = Debug|Any CPU
		{A7589D58-4A55-46F1-8C37-EF1A7C59D0D0}.Release|Any CPU.ActiveCfg = Release|Any CPU
		{A7589D58-4A55-46F1-8C37-EF1A7C59D0D0}.Release|Any CPU.Build.0 = Release|Any CPU
		{4017BED6-A416-4874-8D59-53D437E84DA7}.Debug|Any CPU.ActiveCfg = Debug|Any CPU
		{4017BED6-A416-4874-8D59-53D437E84DA7}.Debug|Any CPU.Build.0 = Debug|Any CPU
		{4017BED6-A416-4874-8D59-53D437E84DA7}.Release|Any CPU.ActiveCfg = Release|Any CPU
		{4017BED6-A416-4874-8D59-53D437E84DA7}.Release|Any CPU.Build.0 = Release|Any CPU
	EndGlobalSection
	GlobalSection(SolutionProperties) = preSolution
		HideSolutionNode = FALSE
	EndGlobalSection
	GlobalSection(ExtensibilityGlobals) = postSolution
		SolutionGuid = {85DC4717-DDA7-4275-8D47-18E69F8984B1}
	EndGlobalSection
EndGlobal
