
Microsoft Visual Studio Solution File, Format Version 12.00
# Visual Studio 15
VisualStudioVersion = 15.0.28307.136
MinimumVisualStudioVersion = 10.0.40219.1
Project("{9A19103F-16F7-4668-BE54-9A1E7A4F7556}") = "P01-InitialSetup", "P01-InitialSetup\P01-InitialSetup.csproj", "{BABCBA17-F742-46C1-8E20-4E4C9A77D793}"
EndProject
Project("{9A19103F-16F7-4668-BE54-9A1E7A4F7556}") = "P02-VillainNames", "P02-VillainNames\P02-VillainNames.csproj", "{5F7BF4DC-39CE-4BA9-8465-16ECDF33EC9A}"
EndProject
Project("{9A19103F-16F7-4668-BE54-9A1E7A4F7556}") = "P03-MinionNames", "P03-MinionNames\P03-MinionNames.csproj", "{2E209850-5C2E-4739-A6B5-741A0F5CD11D}"
EndProject
Project("{9A19103F-16F7-4668-BE54-9A1E7A4F7556}") = "P04-AddMinion", "P04-AddMinion\P04-AddMinion.csproj", "{07F08082-C76C-4423-8F3D-0CADDD901410}"
EndProject
Project("{9A19103F-16F7-4668-BE54-9A1E7A4F7556}") = "P05-ChangeTownNamesCase", "P05-ChangeTownNamesCase\P05-ChangeTownNamesCase.csproj", "{B5CE3CCC-A0F5-4C67-BFD6-EFF8D6C40AD4}"
EndProject
Project("{9A19103F-16F7-4668-BE54-9A1E7A4F7556}") = "P06-RemoveVillain", "P06-RemoveVillain\P06-RemoveVillain.csproj", "{965C6617-8663-4214-8FD6-B9B21F2D1E7C}"
EndProject
Project("{9A19103F-16F7-4668-BE54-9A1E7A4F7556}") = "P07-PrintAllMinionNames", "P07-PrintAllMinionNames\P07-PrintAllMinionNames.csproj", "{E6EF0662-5BC4-4983-9CAE-AD474CC0C6A9}"
EndProject
Project("{FAE04EC0-301F-11D3-BF4B-00C04F79EFBC}") = "P08-IncreaseMinionAge", "P08-IncreaseMinionAge\P08-IncreaseMinionAge.csproj", "{E4651F1A-0FE6-4312-9859-9CB5B4B682C0}"
EndProject
Project("{FAE04EC0-301F-11D3-BF4B-00C04F79EFBC}") = "P09-IncreaseAgeStoredProcedure", "P09-IncreaseAgeStoredProcedure\P09-IncreaseAgeStoredProcedure.csproj", "{B7201A02-C1E6-4E7E-A4EF-77651B76E838}"
EndProject
Global
	GlobalSection(SolutionConfigurationPlatforms) = preSolution
		Debug|Any CPU = Debug|Any CPU
		Release|Any CPU = Release|Any CPU
	EndGlobalSection
	GlobalSection(ProjectConfigurationPlatforms) = postSolution
		{BABCBA17-F742-46C1-8E20-4E4C9A77D793}.Debug|Any CPU.ActiveCfg = Debug|Any CPU
		{BABCBA17-F742-46C1-8E20-4E4C9A77D793}.Debug|Any CPU.Build.0 = Debug|Any CPU
		{BABCBA17-F742-46C1-8E20-4E4C9A77D793}.Release|Any CPU.ActiveCfg = Release|Any CPU
		{BABCBA17-F742-46C1-8E20-4E4C9A77D793}.Release|Any CPU.Build.0 = Release|Any CPU
		{5F7BF4DC-39CE-4BA9-8465-16ECDF33EC9A}.Debug|Any CPU.ActiveCfg = Debug|Any CPU
		{5F7BF4DC-39CE-4BA9-8465-16ECDF33EC9A}.Debug|Any CPU.Build.0 = Debug|Any CPU
		{5F7BF4DC-39CE-4BA9-8465-16ECDF33EC9A}.Release|Any CPU.ActiveCfg = Release|Any CPU
		{5F7BF4DC-39CE-4BA9-8465-16ECDF33EC9A}.Release|Any CPU.Build.0 = Release|Any CPU
		{2E209850-5C2E-4739-A6B5-741A0F5CD11D}.Debug|Any CPU.ActiveCfg = Debug|Any CPU
		{2E209850-5C2E-4739-A6B5-741A0F5CD11D}.Debug|Any CPU.Build.0 = Debug|Any CPU
		{2E209850-5C2E-4739-A6B5-741A0F5CD11D}.Release|Any CPU.ActiveCfg = Release|Any CPU
		{2E209850-5C2E-4739-A6B5-741A0F5CD11D}.Release|Any CPU.Build.0 = Release|Any CPU
		{07F08082-C76C-4423-8F3D-0CADDD901410}.Debug|Any CPU.ActiveCfg = Debug|Any CPU
		{07F08082-C76C-4423-8F3D-0CADDD901410}.Debug|Any CPU.Build.0 = Debug|Any CPU
		{07F08082-C76C-4423-8F3D-0CADDD901410}.Release|Any CPU.ActiveCfg = Release|Any CPU
		{07F08082-C76C-4423-8F3D-0CADDD901410}.Release|Any CPU.Build.0 = Release|Any CPU
		{B5CE3CCC-A0F5-4C67-BFD6-EFF8D6C40AD4}.Debug|Any CPU.ActiveCfg = Debug|Any CPU
		{B5CE3CCC-A0F5-4C67-BFD6-EFF8D6C40AD4}.Debug|Any CPU.Build.0 = Debug|Any CPU
		{B5CE3CCC-A0F5-4C67-BFD6-EFF8D6C40AD4}.Release|Any CPU.ActiveCfg = Release|Any CPU
		{B5CE3CCC-A0F5-4C67-BFD6-EFF8D6C40AD4}.Release|Any CPU.Build.0 = Release|Any CPU
		{965C6617-8663-4214-8FD6-B9B21F2D1E7C}.Debug|Any CPU.ActiveCfg = Debug|Any CPU
		{965C6617-8663-4214-8FD6-B9B21F2D1E7C}.Debug|Any CPU.Build.0 = Debug|Any CPU
		{965C6617-8663-4214-8FD6-B9B21F2D1E7C}.Release|Any CPU.ActiveCfg = Release|Any CPU
		{965C6617-8663-4214-8FD6-B9B21F2D1E7C}.Release|Any CPU.Build.0 = Release|Any CPU
		{E6EF0662-5BC4-4983-9CAE-AD474CC0C6A9}.Debug|Any CPU.ActiveCfg = Debug|Any CPU
		{E6EF0662-5BC4-4983-9CAE-AD474CC0C6A9}.Debug|Any CPU.Build.0 = Debug|Any CPU
		{E6EF0662-5BC4-4983-9CAE-AD474CC0C6A9}.Release|Any CPU.ActiveCfg = Release|Any CPU
		{E6EF0662-5BC4-4983-9CAE-AD474CC0C6A9}.Release|Any CPU.Build.0 = Release|Any CPU
		{E4651F1A-0FE6-4312-9859-9CB5B4B682C0}.Debug|Any CPU.ActiveCfg = Debug|Any CPU
		{E4651F1A-0FE6-4312-9859-9CB5B4B682C0}.Debug|Any CPU.Build.0 = Debug|Any CPU
		{E4651F1A-0FE6-4312-9859-9CB5B4B682C0}.Release|Any CPU.ActiveCfg = Release|Any CPU
		{E4651F1A-0FE6-4312-9859-9CB5B4B682C0}.Release|Any CPU.Build.0 = Release|Any CPU
		{B7201A02-C1E6-4E7E-A4EF-77651B76E838}.Debug|Any CPU.ActiveCfg = Debug|Any CPU
		{B7201A02-C1E6-4E7E-A4EF-77651B76E838}.Debug|Any CPU.Build.0 = Debug|Any CPU
		{B7201A02-C1E6-4E7E-A4EF-77651B76E838}.Release|Any CPU.ActiveCfg = Release|Any CPU
		{B7201A02-C1E6-4E7E-A4EF-77651B76E838}.Release|Any CPU.Build.0 = Release|Any CPU
	EndGlobalSection
	GlobalSection(SolutionProperties) = preSolution
		HideSolutionNode = FALSE
	EndGlobalSection
	GlobalSection(ExtensibilityGlobals) = postSolution
		SolutionGuid = {BE214FF6-2376-446F-AD0B-140E55EF1BCA}
	EndGlobalSection
EndGlobal
