
Microsoft Visual Studio Solution File, Format Version 12.00
# Visual Studio 15
VisualStudioVersion = 15.0.28307.136
MinimumVisualStudioVersion = 10.0.40219.1
Project("{9A19103F-16F7-4668-BE54-9A1E7A4F7556}") = "P02-DatabaseFirst", "P02-DatabaseFirst\P02-DatabaseFirst.csproj", "{4FDAB025-31F5-4B15-BE49-C22158C17A34}"
EndProject
Project("{9A19103F-16F7-4668-BE54-9A1E7A4F7556}") = "P03-EmployeesFullInformation", "P03-EmployeesInformation\P03-EmployeesFullInformation.csproj", "{5F8A7EE5-B549-4A34-ABFD-A0FE63677411}"
EndProject
Project("{9A19103F-16F7-4668-BE54-9A1E7A4F7556}") = "P04-EmployeesSalaryOver50000", "P04-EmployeesSalaryOver\P04-EmployeesSalaryOver50000.csproj", "{35584BE6-6734-4E7D-86B0-BF0AE342D337}"
EndProject
Project("{9A19103F-16F7-4668-BE54-9A1E7A4F7556}") = "P05-EmployeesFromResearchAndDevelopment", "P05-EmployeesFrom\P05-EmployeesFromResearchAndDevelopment.csproj", "{37A896DF-146F-410F-8C7C-374EEF635EEB}"
EndProject
Project("{9A19103F-16F7-4668-BE54-9A1E7A4F7556}") = "P06-AddingAndUpdating", "P06-AddingAndUpdating\P06-AddingAndUpdating.csproj", "{01EF26FA-77A5-4EBB-959E-E33DA3679BA5}"
EndProject
Project("{9A19103F-16F7-4668-BE54-9A1E7A4F7556}") = "P07-EmployeesAndProjects", "P07-EmployeesAndProjects\P07-EmployeesAndProjects.csproj", "{8C622ADB-CA69-4A5D-AFD3-FD1D1311B4FC}"
EndProject
Project("{FAE04EC0-301F-11D3-BF4B-00C04F79EFBC}") = "P08-AddressesByTown", "P08-AddressesByTown\P08-AddressesByTown.csproj", "{B76DDBCA-8B83-40AD-9FA4-C81278327CC8}"
EndProject
Project("{FAE04EC0-301F-11D3-BF4B-00C04F79EFBC}") = "P09-Employee147", "P09-Employee147\P09-Employee147.csproj", "{0E04B24E-56F4-439A-A743-4DBA97814430}"
EndProject
Project("{FAE04EC0-301F-11D3-BF4B-00C04F79EFBC}") = "P10-DepartmentsWithPlus5Empl", "P10-DepartmentsWithPlus5Empl\P10-DepartmentsWithPlus5Empl.csproj", "{316CD5C6-511B-4A2F-A396-CD2B81BADE2F}"
EndProject
Global
	GlobalSection(SolutionConfigurationPlatforms) = preSolution
		Debug|Any CPU = Debug|Any CPU
		Release|Any CPU = Release|Any CPU
	EndGlobalSection
	GlobalSection(ProjectConfigurationPlatforms) = postSolution
		{4FDAB025-31F5-4B15-BE49-C22158C17A34}.Debug|Any CPU.ActiveCfg = Debug|Any CPU
		{4FDAB025-31F5-4B15-BE49-C22158C17A34}.Debug|Any CPU.Build.0 = Debug|Any CPU
		{4FDAB025-31F5-4B15-BE49-C22158C17A34}.Release|Any CPU.ActiveCfg = Release|Any CPU
		{4FDAB025-31F5-4B15-BE49-C22158C17A34}.Release|Any CPU.Build.0 = Release|Any CPU
		{5F8A7EE5-B549-4A34-ABFD-A0FE63677411}.Debug|Any CPU.ActiveCfg = Debug|Any CPU
		{5F8A7EE5-B549-4A34-ABFD-A0FE63677411}.Debug|Any CPU.Build.0 = Debug|Any CPU
		{5F8A7EE5-B549-4A34-ABFD-A0FE63677411}.Release|Any CPU.ActiveCfg = Release|Any CPU
		{5F8A7EE5-B549-4A34-ABFD-A0FE63677411}.Release|Any CPU.Build.0 = Release|Any CPU
		{35584BE6-6734-4E7D-86B0-BF0AE342D337}.Debug|Any CPU.ActiveCfg = Debug|Any CPU
		{35584BE6-6734-4E7D-86B0-BF0AE342D337}.Debug|Any CPU.Build.0 = Debug|Any CPU
		{35584BE6-6734-4E7D-86B0-BF0AE342D337}.Release|Any CPU.ActiveCfg = Release|Any CPU
		{35584BE6-6734-4E7D-86B0-BF0AE342D337}.Release|Any CPU.Build.0 = Release|Any CPU
		{37A896DF-146F-410F-8C7C-374EEF635EEB}.Debug|Any CPU.ActiveCfg = Debug|Any CPU
		{37A896DF-146F-410F-8C7C-374EEF635EEB}.Debug|Any CPU.Build.0 = Debug|Any CPU
		{37A896DF-146F-410F-8C7C-374EEF635EEB}.Release|Any CPU.ActiveCfg = Release|Any CPU
		{37A896DF-146F-410F-8C7C-374EEF635EEB}.Release|Any CPU.Build.0 = Release|Any CPU
		{01EF26FA-77A5-4EBB-959E-E33DA3679BA5}.Debug|Any CPU.ActiveCfg = Debug|Any CPU
		{01EF26FA-77A5-4EBB-959E-E33DA3679BA5}.Debug|Any CPU.Build.0 = Debug|Any CPU
		{01EF26FA-77A5-4EBB-959E-E33DA3679BA5}.Release|Any CPU.ActiveCfg = Release|Any CPU
		{01EF26FA-77A5-4EBB-959E-E33DA3679BA5}.Release|Any CPU.Build.0 = Release|Any CPU
		{8C622ADB-CA69-4A5D-AFD3-FD1D1311B4FC}.Debug|Any CPU.ActiveCfg = Debug|Any CPU
		{8C622ADB-CA69-4A5D-AFD3-FD1D1311B4FC}.Debug|Any CPU.Build.0 = Debug|Any CPU
		{8C622ADB-CA69-4A5D-AFD3-FD1D1311B4FC}.Release|Any CPU.ActiveCfg = Release|Any CPU
		{8C622ADB-CA69-4A5D-AFD3-FD1D1311B4FC}.Release|Any CPU.Build.0 = Release|Any CPU
		{B76DDBCA-8B83-40AD-9FA4-C81278327CC8}.Debug|Any CPU.ActiveCfg = Debug|Any CPU
		{B76DDBCA-8B83-40AD-9FA4-C81278327CC8}.Debug|Any CPU.Build.0 = Debug|Any CPU
		{B76DDBCA-8B83-40AD-9FA4-C81278327CC8}.Release|Any CPU.ActiveCfg = Release|Any CPU
		{B76DDBCA-8B83-40AD-9FA4-C81278327CC8}.Release|Any CPU.Build.0 = Release|Any CPU
		{0E04B24E-56F4-439A-A743-4DBA97814430}.Debug|Any CPU.ActiveCfg = Debug|Any CPU
		{0E04B24E-56F4-439A-A743-4DBA97814430}.Debug|Any CPU.Build.0 = Debug|Any CPU
		{0E04B24E-56F4-439A-A743-4DBA97814430}.Release|Any CPU.ActiveCfg = Release|Any CPU
		{0E04B24E-56F4-439A-A743-4DBA97814430}.Release|Any CPU.Build.0 = Release|Any CPU
		{316CD5C6-511B-4A2F-A396-CD2B81BADE2F}.Debug|Any CPU.ActiveCfg = Debug|Any CPU
		{316CD5C6-511B-4A2F-A396-CD2B81BADE2F}.Debug|Any CPU.Build.0 = Debug|Any CPU
		{316CD5C6-511B-4A2F-A396-CD2B81BADE2F}.Release|Any CPU.ActiveCfg = Release|Any CPU
		{316CD5C6-511B-4A2F-A396-CD2B81BADE2F}.Release|Any CPU.Build.0 = Release|Any CPU
	EndGlobalSection
	GlobalSection(SolutionProperties) = preSolution
		HideSolutionNode = FALSE
	EndGlobalSection
	GlobalSection(ExtensibilityGlobals) = postSolution
		SolutionGuid = {4152F199-DBA3-45EC-90D9-6DCD471C71FF}
	EndGlobalSection
EndGlobal
